// !$*UTF8*$!
{
	archiveVersion = 1;
	classes = {
	};
	objectVersion = 46;
	objects = {

/* Begin PBXBuildFile section */
		41BB15B41F348D6100DF3C62 /* KeyChainWrapper.swift in Sources */ = {isa = PBXBuildFile; fileRef = 41BB15B31F348D6100DF3C62 /* KeyChainWrapper.swift */; };
		41BB15C51F34A3A800DF3C62 /* AFImageExtension.swift in Sources */ = {isa = PBXBuildFile; fileRef = 41BB15B51F34A3A800DF3C62 /* AFImageExtension.swift */; };
		41BB15C61F34A3A800DF3C62 /* Dictionary.swift in Sources */ = {isa = PBXBuildFile; fileRef = 41BB15B61F34A3A800DF3C62 /* Dictionary.swift */; };
		41BB15C71F34A3A800DF3C62 /* NSData.swift in Sources */ = {isa = PBXBuildFile; fileRef = 41BB15B71F34A3A800DF3C62 /* NSData.swift */; };
		41BB15C81F34A3A800DF3C62 /* NSDate.swift in Sources */ = {isa = PBXBuildFile; fileRef = 41BB15B81F34A3A800DF3C62 /* NSDate.swift */; };
		41BB15C91F34A3A800DF3C62 /* Numbers.swift in Sources */ = {isa = PBXBuildFile; fileRef = 41BB15B91F34A3A800DF3C62 /* Numbers.swift */; };
		41BB15CA1F34A3A800DF3C62 /* String.swift in Sources */ = {isa = PBXBuildFile; fileRef = 41BB15BA1F34A3A800DF3C62 /* String.swift */; };
		41BB15CB1F34A3A800DF3C62 /* UIApplication.swift in Sources */ = {isa = PBXBuildFile; fileRef = 41BB15BB1F34A3A800DF3C62 /* UIApplication.swift */; };
		41BB15CC1F34A3A800DF3C62 /* UIColor.swift in Sources */ = {isa = PBXBuildFile; fileRef = 41BB15BC1F34A3A800DF3C62 /* UIColor.swift */; };
		41BB15CD1F34A3A800DF3C62 /* UIDevice.swift in Sources */ = {isa = PBXBuildFile; fileRef = 41BB15BD1F34A3A800DF3C62 /* UIDevice.swift */; };
		41BB15CE1F34A3A800DF3C62 /* UIFont.swift in Sources */ = {isa = PBXBuildFile; fileRef = 41BB15BE1F34A3A800DF3C62 /* UIFont.swift */; };
		41BB15CF1F34A3A800DF3C62 /* UIImage.swift in Sources */ = {isa = PBXBuildFile; fileRef = 41BB15BF1F34A3A800DF3C62 /* UIImage.swift */; };
		41BB15D01F34A3A800DF3C62 /* UINavigationBar.swift in Sources */ = {isa = PBXBuildFile; fileRef = 41BB15C01F34A3A800DF3C62 /* UINavigationBar.swift */; };
		41BB15D11F34A3A800DF3C62 /* UITable.swift in Sources */ = {isa = PBXBuildFile; fileRef = 41BB15C11F34A3A800DF3C62 /* UITable.swift */; };
		41BB15D21F34A3A800DF3C62 /* UITextField.swift in Sources */ = {isa = PBXBuildFile; fileRef = 41BB15C21F34A3A800DF3C62 /* UITextField.swift */; };
		41BB15D31F34A3A800DF3C62 /* UIView.swift in Sources */ = {isa = PBXBuildFile; fileRef = 41BB15C31F34A3A800DF3C62 /* UIView.swift */; };
		41BB15D41F34A3A800DF3C62 /* UIViewController.swift in Sources */ = {isa = PBXBuildFile; fileRef = 41BB15C41F34A3A800DF3C62 /* UIViewController.swift */; };
		41BB15DE1F34A3BE00DF3C62 /* Appearances.swift in Sources */ = {isa = PBXBuildFile; fileRef = 41BB15D51F34A3BE00DF3C62 /* Appearances.swift */; };
		41BB15DF1F34A3BE00DF3C62 /* Box.swift in Sources */ = {isa = PBXBuildFile; fileRef = 41BB15D61F34A3BE00DF3C62 /* Box.swift */; };
		41BB15E01F34A3BE00DF3C62 /* Constants.swift in Sources */ = {isa = PBXBuildFile; fileRef = 41BB15D71F34A3BE00DF3C62 /* Constants.swift */; };
		41BB15E11F34A3BE00DF3C62 /* DesignableButton.swift in Sources */ = {isa = PBXBuildFile; fileRef = 41BB15D81F34A3BE00DF3C62 /* DesignableButton.swift */; };
		41BB15E21F34A3BE00DF3C62 /* GCDHelper.swift in Sources */ = {isa = PBXBuildFile; fileRef = 41BB15D91F34A3BE00DF3C62 /* GCDHelper.swift */; };
		41BB15E31F34A3BE00DF3C62 /* GradientView.swift in Sources */ = {isa = PBXBuildFile; fileRef = 41BB15DA1F34A3BE00DF3C62 /* GradientView.swift */; };
		41BB15E41F34A3BE00DF3C62 /* Helpers.swift in Sources */ = {isa = PBXBuildFile; fileRef = 41BB15DB1F34A3BE00DF3C62 /* Helpers.swift */; };
		41BB15E51F34A3BE00DF3C62 /* ParametrizedString.swift in Sources */ = {isa = PBXBuildFile; fileRef = 41BB15DC1F34A3BE00DF3C62 /* ParametrizedString.swift */; };
		41BB15E61F34A3BE00DF3C62 /* RoundedView.swift in Sources */ = {isa = PBXBuildFile; fileRef = 41BB15DD1F34A3BE00DF3C62 /* RoundedView.swift */; };
		41D18B4B1F348569006D9308 /* RKAppDelegate.swift in Sources */ = {isa = PBXBuildFile; fileRef = 41D18B4A1F348569006D9308 /* RKAppDelegate.swift */; };
		41D18B4D1F348569006D9308 /* RKBaseViewController.swift in Sources */ = {isa = PBXBuildFile; fileRef = 41D18B4C1F348569006D9308 /* RKBaseViewController.swift */; };
		41D18B531F348569006D9308 /* RKSwift3Plus.xcdatamodeld in Sources */ = {isa = PBXBuildFile; fileRef = 41D18B511F348569006D9308 /* RKSwift3Plus.xcdatamodeld */; };
		41D18B551F348569006D9308 /* Assets.xcassets in Resources */ = {isa = PBXBuildFile; fileRef = 41D18B541F348569006D9308 /* Assets.xcassets */; };
		41D18B631F34856A006D9308 /* RKSwift3PlusTests.swift in Sources */ = {isa = PBXBuildFile; fileRef = 41D18B621F34856A006D9308 /* RKSwift3PlusTests.swift */; };
		41D18B6E1F34856A006D9308 /* RKSwift3PlusUITests.swift in Sources */ = {isa = PBXBuildFile; fileRef = 41D18B6D1F34856A006D9308 /* RKSwift3PlusUITests.swift */; };
		41E440361F3612140072554F /* Main.storyboard in Resources */ = {isa = PBXBuildFile; fileRef = 41E440351F3612140072554F /* Main.storyboard */; };
		41E440381F3612200072554F /* Launch Screen.storyboard in Resources */ = {isa = PBXBuildFile; fileRef = 41E440371F3612200072554F /* Launch Screen.storyboard */; };
/* End PBXBuildFile section */

/* Begin PBXContainerItemProxy section */
		41D18B5F1F34856A006D9308 /* PBXContainerItemProxy */ = {
			isa = PBXContainerItemProxy;
			containerPortal = 41D18B3F1F348569006D9308 /* Project object */;
			proxyType = 1;
			remoteGlobalIDString = 41D18B461F348569006D9308;
			remoteInfo = RKSwift3Plus;
		};
		41D18B6A1F34856A006D9308 /* PBXContainerItemProxy */ = {
			isa = PBXContainerItemProxy;
			containerPortal = 41D18B3F1F348569006D9308 /* Project object */;
			proxyType = 1;
			remoteGlobalIDString = 41D18B461F348569006D9308;
			remoteInfo = RKSwift3Plus;
		};
/* End PBXContainerItemProxy section */

/* Begin PBXFileReference section */
		41BB15B31F348D6100DF3C62 /* KeyChainWrapper.swift */ = {isa = PBXFileReference; fileEncoding = 4; lastKnownFileType = sourcecode.swift; path = KeyChainWrapper.swift; sourceTree = "<group>"; };
		41BB15B51F34A3A800DF3C62 /* AFImageExtension.swift */ = {isa = PBXFileReference; fileEncoding = 4; lastKnownFileType = sourcecode.swift; path = AFImageExtension.swift; sourceTree = "<group>"; };
		41BB15B61F34A3A800DF3C62 /* Dictionary.swift */ = {isa = PBXFileReference; fileEncoding = 4; lastKnownFileType = sourcecode.swift; path = Dictionary.swift; sourceTree = "<group>"; };
		41BB15B71F34A3A800DF3C62 /* NSData.swift */ = {isa = PBXFileReference; fileEncoding = 4; lastKnownFileType = sourcecode.swift; path = NSData.swift; sourceTree = "<group>"; };
		41BB15B81F34A3A800DF3C62 /* NSDate.swift */ = {isa = PBXFileReference; fileEncoding = 4; lastKnownFileType = sourcecode.swift; path = NSDate.swift; sourceTree = "<group>"; };
		41BB15B91F34A3A800DF3C62 /* Numbers.swift */ = {isa = PBXFileReference; fileEncoding = 4; lastKnownFileType = sourcecode.swift; path = Numbers.swift; sourceTree = "<group>"; };
		41BB15BA1F34A3A800DF3C62 /* String.swift */ = {isa = PBXFileReference; fileEncoding = 4; lastKnownFileType = sourcecode.swift; path = String.swift; sourceTree = "<group>"; };
		41BB15BB1F34A3A800DF3C62 /* UIApplication.swift */ = {isa = PBXFileReference; fileEncoding = 4; lastKnownFileType = sourcecode.swift; path = UIApplication.swift; sourceTree = "<group>"; };
		41BB15BC1F34A3A800DF3C62 /* UIColor.swift */ = {isa = PBXFileReference; fileEncoding = 4; lastKnownFileType = sourcecode.swift; path = UIColor.swift; sourceTree = "<group>"; };
		41BB15BD1F34A3A800DF3C62 /* UIDevice.swift */ = {isa = PBXFileReference; fileEncoding = 4; lastKnownFileType = sourcecode.swift; path = UIDevice.swift; sourceTree = "<group>"; };
		41BB15BE1F34A3A800DF3C62 /* UIFont.swift */ = {isa = PBXFileReference; fileEncoding = 4; lastKnownFileType = sourcecode.swift; path = UIFont.swift; sourceTree = "<group>"; };
		41BB15BF1F34A3A800DF3C62 /* UIImage.swift */ = {isa = PBXFileReference; fileEncoding = 4; lastKnownFileType = sourcecode.swift; path = UIImage.swift; sourceTree = "<group>"; };
		41BB15C01F34A3A800DF3C62 /* UINavigationBar.swift */ = {isa = PBXFileReference; fileEncoding = 4; lastKnownFileType = sourcecode.swift; path = UINavigationBar.swift; sourceTree = "<group>"; };
		41BB15C11F34A3A800DF3C62 /* UITable.swift */ = {isa = PBXFileReference; fileEncoding = 4; lastKnownFileType = sourcecode.swift; path = UITable.swift; sourceTree = "<group>"; };
		41BB15C21F34A3A800DF3C62 /* UITextField.swift */ = {isa = PBXFileReference; fileEncoding = 4; lastKnownFileType = sourcecode.swift; path = UITextField.swift; sourceTree = "<group>"; };
		41BB15C31F34A3A800DF3C62 /* UIView.swift */ = {isa = PBXFileReference; fileEncoding = 4; lastKnownFileType = sourcecode.swift; path = UIView.swift; sourceTree = "<group>"; };
		41BB15C41F34A3A800DF3C62 /* UIViewController.swift */ = {isa = PBXFileReference; fileEncoding = 4; lastKnownFileType = sourcecode.swift; path = UIViewController.swift; sourceTree = "<group>"; };
		41BB15D51F34A3BE00DF3C62 /* Appearances.swift */ = {isa = PBXFileReference; fileEncoding = 4; lastKnownFileType = sourcecode.swift; path = Appearances.swift; sourceTree = "<group>"; };
		41BB15D61F34A3BE00DF3C62 /* Box.swift */ = {isa = PBXFileReference; fileEncoding = 4; lastKnownFileType = sourcecode.swift; path = Box.swift; sourceTree = "<group>"; };
		41BB15D71F34A3BE00DF3C62 /* Constants.swift */ = {isa = PBXFileReference; fileEncoding = 4; lastKnownFileType = sourcecode.swift; path = Constants.swift; sourceTree = "<group>"; };
		41BB15D81F34A3BE00DF3C62 /* DesignableButton.swift */ = {isa = PBXFileReference; fileEncoding = 4; lastKnownFileType = sourcecode.swift; path = DesignableButton.swift; sourceTree = "<group>"; };
		41BB15D91F34A3BE00DF3C62 /* GCDHelper.swift */ = {isa = PBXFileReference; fileEncoding = 4; lastKnownFileType = sourcecode.swift; path = GCDHelper.swift; sourceTree = "<group>"; };
		41BB15DA1F34A3BE00DF3C62 /* GradientView.swift */ = {isa = PBXFileReference; fileEncoding = 4; lastKnownFileType = sourcecode.swift; path = GradientView.swift; sourceTree = "<group>"; };
		41BB15DB1F34A3BE00DF3C62 /* Helpers.swift */ = {isa = PBXFileReference; fileEncoding = 4; lastKnownFileType = sourcecode.swift; path = Helpers.swift; sourceTree = "<group>"; };
		41BB15DC1F34A3BE00DF3C62 /* ParametrizedString.swift */ = {isa = PBXFileReference; fileEncoding = 4; lastKnownFileType = sourcecode.swift; path = ParametrizedString.swift; sourceTree = "<group>"; };
		41BB15DD1F34A3BE00DF3C62 /* RoundedView.swift */ = {isa = PBXFileReference; fileEncoding = 4; lastKnownFileType = sourcecode.swift; path = RoundedView.swift; sourceTree = "<group>"; };
		41D18B471F348569006D9308 /* RKSwift3Plus.app */ = {isa = PBXFileReference; explicitFileType = wrapper.application; includeInIndex = 0; path = RKSwift3Plus.app; sourceTree = BUILT_PRODUCTS_DIR; };
		41D18B4A1F348569006D9308 /* RKAppDelegate.swift */ = {isa = PBXFileReference; lastKnownFileType = sourcecode.swift; path = RKAppDelegate.swift; sourceTree = "<group>"; };
		41D18B4C1F348569006D9308 /* RKBaseViewController.swift */ = {isa = PBXFileReference; lastKnownFileType = sourcecode.swift; path = RKBaseViewController.swift; sourceTree = "<group>"; };
		41D18B521F348569006D9308 /* RKSwift3Plus.xcdatamodel */ = {isa = PBXFileReference; lastKnownFileType = wrapper.xcdatamodel; path = RKSwift3Plus.xcdatamodel; sourceTree = "<group>"; };
		41D18B541F348569006D9308 /* Assets.xcassets */ = {isa = PBXFileReference; lastKnownFileType = folder.assetcatalog; path = Assets.xcassets; sourceTree = "<group>"; };
		41D18B591F348569006D9308 /* Info.plist */ = {isa = PBXFileReference; lastKnownFileType = text.plist.xml; path = Info.plist; sourceTree = "<group>"; };
		41D18B5E1F34856A006D9308 /* RKSwift3PlusTests.xctest */ = {isa = PBXFileReference; explicitFileType = wrapper.cfbundle; includeInIndex = 0; path = RKSwift3PlusTests.xctest; sourceTree = BUILT_PRODUCTS_DIR; };
		41D18B621F34856A006D9308 /* RKSwift3PlusTests.swift */ = {isa = PBXFileReference; lastKnownFileType = sourcecode.swift; path = RKSwift3PlusTests.swift; sourceTree = "<group>"; };
		41D18B641F34856A006D9308 /* Info.plist */ = {isa = PBXFileReference; lastKnownFileType = text.plist.xml; path = Info.plist; sourceTree = "<group>"; };
		41D18B691F34856A006D9308 /* RKSwift3PlusUITests.xctest */ = {isa = PBXFileReference; explicitFileType = wrapper.cfbundle; includeInIndex = 0; path = RKSwift3PlusUITests.xctest; sourceTree = BUILT_PRODUCTS_DIR; };
		41D18B6D1F34856A006D9308 /* RKSwift3PlusUITests.swift */ = {isa = PBXFileReference; lastKnownFileType = sourcecode.swift; path = RKSwift3PlusUITests.swift; sourceTree = "<group>"; };
		41D18B6F1F34856A006D9308 /* Info.plist */ = {isa = PBXFileReference; lastKnownFileType = text.plist.xml; path = Info.plist; sourceTree = "<group>"; };
		41E440351F3612140072554F /* Main.storyboard */ = {isa = PBXFileReference; fileEncoding = 4; lastKnownFileType = file.storyboard; path = Main.storyboard; sourceTree = "<group>"; };
		41E440371F3612200072554F /* Launch Screen.storyboard */ = {isa = PBXFileReference; fileEncoding = 4; lastKnownFileType = file.storyboard; path = "Launch Screen.storyboard"; sourceTree = "<group>"; };
/* End PBXFileReference section */

/* Begin PBXFrameworksBuildPhase section */
		41D18B441F348569006D9308 /* Frameworks */ = {
			isa = PBXFrameworksBuildPhase;
			buildActionMask = 2147483647;
			files = (
			);
			runOnlyForDeploymentPostprocessing = 0;
		};
		41D18B5B1F34856A006D9308 /* Frameworks */ = {
			isa = PBXFrameworksBuildPhase;
			buildActionMask = 2147483647;
			files = (
			);
			runOnlyForDeploymentPostprocessing = 0;
		};
		41D18B661F34856A006D9308 /* Frameworks */ = {
			isa = PBXFrameworksBuildPhase;
			buildActionMask = 2147483647;
			files = (
			);
			runOnlyForDeploymentPostprocessing = 0;
		};
/* End PBXFrameworksBuildPhase section */

/* Begin PBXGroup section */
		41BB15AD1F348D2700DF3C62 /* Extensions */ = {
			isa = PBXGroup;
			children = (
				41BB15B51F34A3A800DF3C62 /* AFImageExtension.swift */,
				41BB15B61F34A3A800DF3C62 /* Dictionary.swift */,
				41BB15B71F34A3A800DF3C62 /* NSData.swift */,
				41BB15B81F34A3A800DF3C62 /* NSDate.swift */,
				41BB15B91F34A3A800DF3C62 /* Numbers.swift */,
				41BB15BA1F34A3A800DF3C62 /* String.swift */,
				41BB15BB1F34A3A800DF3C62 /* UIApplication.swift */,
				41BB15BC1F34A3A800DF3C62 /* UIColor.swift */,
				41BB15BD1F34A3A800DF3C62 /* UIDevice.swift */,
				41BB15BE1F34A3A800DF3C62 /* UIFont.swift */,
				41BB15BF1F34A3A800DF3C62 /* UIImage.swift */,
				41BB15C01F34A3A800DF3C62 /* UINavigationBar.swift */,
				41BB15C11F34A3A800DF3C62 /* UITable.swift */,
				41BB15C21F34A3A800DF3C62 /* UITextField.swift */,
				41BB15C31F34A3A800DF3C62 /* UIView.swift */,
				41BB15C41F34A3A800DF3C62 /* UIViewController.swift */,
			);
			path = Extensions;
			sourceTree = "<group>";
		};
		41BB15B01F348D2700DF3C62 /* Utitlities */ = {
			isa = PBXGroup;
			children = (
				41BB15D51F34A3BE00DF3C62 /* Appearances.swift */,
				41BB15D61F34A3BE00DF3C62 /* Box.swift */,
				41BB15D71F34A3BE00DF3C62 /* Constants.swift */,
				41BB15D81F34A3BE00DF3C62 /* DesignableButton.swift */,
				41BB15D91F34A3BE00DF3C62 /* GCDHelper.swift */,
				41BB15DA1F34A3BE00DF3C62 /* GradientView.swift */,
				41BB15DB1F34A3BE00DF3C62 /* Helpers.swift */,
				41BB15DC1F34A3BE00DF3C62 /* ParametrizedString.swift */,
				41BB15DD1F34A3BE00DF3C62 /* RoundedView.swift */,
				41BB15B31F348D6100DF3C62 /* KeyChainWrapper.swift */,
			);
			path = Utitlities;
			sourceTree = "<group>";
		};
		41D18B3E1F348569006D9308 = {
			isa = PBXGroup;
			children = (
				41E440311F3611EF0072554F /* Model */,
				41E440321F3611EF0072554F /* Services */,
				41E440331F3611EF0072554F /* View */,
				41E440341F3611EF0072554F /* ViewModel */,
				41D18B491F348569006D9308 /* RKSwift3Plus */,
				41D18B611F34856A006D9308 /* RKSwift3PlusTests */,
				41D18B6C1F34856A006D9308 /* RKSwift3PlusUITests */,
				41D18B481F348569006D9308 /* Products */,
			);
			sourceTree = "<group>";
		};
		41D18B481F348569006D9308 /* Products */ = {
			isa = PBXGroup;
			children = (
				41D18B471F348569006D9308 /* RKSwift3Plus.app */,
				41D18B5E1F34856A006D9308 /* RKSwift3PlusTests.xctest */,
				41D18B691F34856A006D9308 /* RKSwift3PlusUITests.xctest */,
			);
			name = Products;
			sourceTree = "<group>";
		};
		41D18B491F348569006D9308 /* RKSwift3Plus */ = {
			isa = PBXGroup;
			children = (
				41D18B4A1F348569006D9308 /* RKAppDelegate.swift */,
				41D18B4C1F348569006D9308 /* RKBaseViewController.swift */,
				41BB15AD1F348D2700DF3C62 /* Extensions */,
				41BB15B01F348D2700DF3C62 /* Utitlities */,
				41D18B541F348569006D9308 /* Assets.xcassets */,
				41D18B591F348569006D9308 /* Info.plist */,
				41D18B511F348569006D9308 /* RKSwift3Plus.xcdatamodeld */,
			);
			path = RKSwift3Plus;
			sourceTree = "<group>";
		};
		41D18B611F34856A006D9308 /* RKSwift3PlusTests */ = {
			isa = PBXGroup;
			children = (
				41D18B621F34856A006D9308 /* RKSwift3PlusTests.swift */,
				41D18B641F34856A006D9308 /* Info.plist */,
			);
			path = RKSwift3PlusTests;
			sourceTree = "<group>";
		};
		41D18B6C1F34856A006D9308 /* RKSwift3PlusUITests */ = {
			isa = PBXGroup;
			children = (
				41D18B6D1F34856A006D9308 /* RKSwift3PlusUITests.swift */,
				41D18B6F1F34856A006D9308 /* Info.plist */,
			);
			path = RKSwift3PlusUITests;
			sourceTree = "<group>";
		};
		41E440311F3611EF0072554F /* Model */ = {
			isa = PBXGroup;
			children = (
			);
			name = Model;
			path = RKSwift3Plus/Model;
			sourceTree = "<group>";
		};
		41E440321F3611EF0072554F /* Services */ = {
			isa = PBXGroup;
			children = (
			);
			name = Services;
			path = RKSwift3Plus/Services;
			sourceTree = "<group>";
		};
		41E440331F3611EF0072554F /* View */ = {
			isa = PBXGroup;
			children = (
				41E440351F3612140072554F /* Main.storyboard */,
				41E440371F3612200072554F /* Launch Screen.storyboard */,
			);
			name = View;
			path = RKSwift3Plus/View;
			sourceTree = "<group>";
		};
		41E440341F3611EF0072554F /* ViewModel */ = {
			isa = PBXGroup;
			children = (
			);
			name = ViewModel;
			path = RKSwift3Plus/ViewModel;
			sourceTree = "<group>";
		};
/* End PBXGroup section */

/* Begin PBXNativeTarget section */
		41D18B461F348569006D9308 /* RKSwift3Plus */ = {
			isa = PBXNativeTarget;
			buildConfigurationList = 41D18B721F34856A006D9308 /* Build configuration list for PBXNativeTarget "RKSwift3Plus" */;
			buildPhases = (
				41D18B431F348569006D9308 /* Sources */,
				41D18B441F348569006D9308 /* Frameworks */,
				41D18B451F348569006D9308 /* Resources */,
			);
			buildRules = (
			);
			dependencies = (
			);
			name = RKSwift3Plus;
			productName = RKSwift3Plus;
			productReference = 41D18B471F348569006D9308 /* RKSwift3Plus.app */;
			productType = "com.apple.product-type.application";
		};
		41D18B5D1F34856A006D9308 /* RKSwift3PlusTests */ = {
			isa = PBXNativeTarget;
			buildConfigurationList = 41D18B751F34856A006D9308 /* Build configuration list for PBXNativeTarget "RKSwift3PlusTests" */;
			buildPhases = (
				41D18B5A1F34856A006D9308 /* Sources */,
				41D18B5B1F34856A006D9308 /* Frameworks */,
				41D18B5C1F34856A006D9308 /* Resources */,
			);
			buildRules = (
			);
			dependencies = (
				41D18B601F34856A006D9308 /* PBXTargetDependency */,
			);
			name = RKSwift3PlusTests;
			productName = RKSwift3PlusTests;
			productReference = 41D18B5E1F34856A006D9308 /* RKSwift3PlusTests.xctest */;
			productType = "com.apple.product-type.bundle.unit-test";
		};
		41D18B681F34856A006D9308 /* RKSwift3PlusUITests */ = {
			isa = PBXNativeTarget;
			buildConfigurationList = 41D18B781F34856A006D9308 /* Build configuration list for PBXNativeTarget "RKSwift3PlusUITests" */;
			buildPhases = (
				41D18B651F34856A006D9308 /* Sources */,
				41D18B661F34856A006D9308 /* Frameworks */,
				41D18B671F34856A006D9308 /* Resources */,
			);
			buildRules = (
			);
			dependencies = (
				41D18B6B1F34856A006D9308 /* PBXTargetDependency */,
			);
			name = RKSwift3PlusUITests;
			productName = RKSwift3PlusUITests;
			productReference = 41D18B691F34856A006D9308 /* RKSwift3PlusUITests.xctest */;
			productType = "com.apple.product-type.bundle.ui-testing";
		};
/* End PBXNativeTarget section */

/* Begin PBXProject section */
		41D18B3F1F348569006D9308 /* Project object */ = {
			isa = PBXProject;
			attributes = {
				LastSwiftUpdateCheck = 0830;
				LastUpgradeCheck = 0830;
				ORGANIZATIONNAME = RKSolutions;
				TargetAttributes = {
					41D18B461F348569006D9308 = {
						CreatedOnToolsVersion = 8.3.3;
						ProvisioningStyle = Automatic;
					};
					41D18B5D1F34856A006D9308 = {
						CreatedOnToolsVersion = 8.3.3;
						ProvisioningStyle = Automatic;
						TestTargetID = 41D18B461F348569006D9308;
					};
					41D18B681F34856A006D9308 = {
						CreatedOnToolsVersion = 8.3.3;
						ProvisioningStyle = Automatic;
						TestTargetID = 41D18B461F348569006D9308;
					};
				};
			};
			buildConfigurationList = 41D18B421F348569006D9308 /* Build configuration list for PBXProject "RKSwift3Plus" */;
			compatibilityVersion = "Xcode 3.2";
			developmentRegion = English;
			hasScannedForEncodings = 0;
			knownRegions = (
				en,
				Base,
			);
			mainGroup = 41D18B3E1F348569006D9308;
			productRefGroup = 41D18B481F348569006D9308 /* Products */;
			projectDirPath = "";
			projectRoot = "";
			targets = (
				41D18B461F348569006D9308 /* RKSwift3Plus */,
				41D18B5D1F34856A006D9308 /* RKSwift3PlusTests */,
				41D18B681F34856A006D9308 /* RKSwift3PlusUITests */,
			);
		};
/* End PBXProject section */

/* Begin PBXResourcesBuildPhase section */
		41D18B451F348569006D9308 /* Resources */ = {
			isa = PBXResourcesBuildPhase;
			buildActionMask = 2147483647;
			files = (
				41E440381F3612200072554F /* Launch Screen.storyboard in Resources */,
				41D18B551F348569006D9308 /* Assets.xcassets in Resources */,
				41E440361F3612140072554F /* Main.storyboard in Resources */,
			);
			runOnlyForDeploymentPostprocessing = 0;
		};
		41D18B5C1F34856A006D9308 /* Resources */ = {
			isa = PBXResourcesBuildPhase;
			buildActionMask = 2147483647;
			files = (
			);
			runOnlyForDeploymentPostprocessing = 0;
		};
		41D18B671F34856A006D9308 /* Resources */ = {
			isa = PBXResourcesBuildPhase;
			buildActionMask = 2147483647;
			files = (
			);
			runOnlyForDeploymentPostprocessing = 0;
		};
/* End PBXResourcesBuildPhase section */

/* Begin PBXSourcesBuildPhase section */
		41D18B431F348569006D9308 /* Sources */ = {
			isa = PBXSourcesBuildPhase;
			buildActionMask = 2147483647;
			files = (
				41D18B4D1F348569006D9308 /* RKBaseViewController.swift in Sources */,
				41BB15CC1F34A3A800DF3C62 /* UIColor.swift in Sources */,
				41BB15C51F34A3A800DF3C62 /* AFImageExtension.swift in Sources */,
				41BB15DE1F34A3BE00DF3C62 /* Appearances.swift in Sources */,
				41BB15D01F34A3A800DF3C62 /* UINavigationBar.swift in Sources */,
				41BB15DF1F34A3BE00DF3C62 /* Box.swift in Sources */,
				41BB15E61F34A3BE00DF3C62 /* RoundedView.swift in Sources */,
				41BB15E01F34A3BE00DF3C62 /* Constants.swift in Sources */,
				41BB15CA1F34A3A800DF3C62 /* String.swift in Sources */,
				41BB15CB1F34A3A800DF3C62 /* UIApplication.swift in Sources */,
				41BB15B41F348D6100DF3C62 /* KeyChainWrapper.swift in Sources */,
				41BB15E31F34A3BE00DF3C62 /* GradientView.swift in Sources */,
				41BB15CF1F34A3A800DF3C62 /* UIImage.swift in Sources */,
				41BB15E11F34A3BE00DF3C62 /* DesignableButton.swift in Sources */,
				41D18B4B1F348569006D9308 /* RKAppDelegate.swift in Sources */,
				41D18B531F348569006D9308 /* RKSwift3Plus.xcdatamodeld in Sources */,
				41BB15D11F34A3A800DF3C62 /* UITable.swift in Sources */,
				41BB15D21F34A3A800DF3C62 /* UITextField.swift in Sources */,
				41BB15CD1F34A3A800DF3C62 /* UIDevice.swift in Sources */,
				41BB15D31F34A3A800DF3C62 /* UIView.swift in Sources */,
				41BB15D41F34A3A800DF3C62 /* UIViewController.swift in Sources */,
				41BB15C71F34A3A800DF3C62 /* NSData.swift in Sources */,
				41BB15E21F34A3BE00DF3C62 /* GCDHelper.swift in Sources */,
				41BB15E41F34A3BE00DF3C62 /* Helpers.swift in Sources */,
				41BB15CE1F34A3A800DF3C62 /* UIFont.swift in Sources */,
				41BB15C81F34A3A800DF3C62 /* NSDate.swift in Sources */,
				41BB15C61F34A3A800DF3C62 /* Dictionary.swift in Sources */,
				41BB15E51F34A3BE00DF3C62 /* ParametrizedString.swift in Sources */,
				41BB15C91F34A3A800DF3C62 /* Numbers.swift in Sources */,
			);
			runOnlyForDeploymentPostprocessing = 0;
		};
		41D18B5A1F34856A006D9308 /* Sources */ = {
			isa = PBXSourcesBuildPhase;
			buildActionMask = 2147483647;
			files = (
				41D18B631F34856A006D9308 /* RKSwift3PlusTests.swift in Sources */,
			);
			runOnlyForDeploymentPostprocessing = 0;
		};
		41D18B651F34856A006D9308 /* Sources */ = {
			isa = PBXSourcesBuildPhase;
			buildActionMask = 2147483647;
			files = (
				41D18B6E1F34856A006D9308 /* RKSwift3PlusUITests.swift in Sources */,
			);
			runOnlyForDeploymentPostprocessing = 0;
		};
/* End PBXSourcesBuildPhase section */

/* Begin PBXTargetDependency section */
		41D18B601F34856A006D9308 /* PBXTargetDependency */ = {
			isa = PBXTargetDependency;
			target = 41D18B461F348569006D9308 /* RKSwift3Plus */;
			targetProxy = 41D18B5F1F34856A006D9308 /* PBXContainerItemProxy */;
		};
		41D18B6B1F34856A006D9308 /* PBXTargetDependency */ = {
			isa = PBXTargetDependency;
			target = 41D18B461F348569006D9308 /* RKSwift3Plus */;
			targetProxy = 41D18B6A1F34856A006D9308 /* PBXContainerItemProxy */;
		};
/* End PBXTargetDependency section */

/* Begin XCBuildConfiguration section */
		41D18B701F34856A006D9308 /* Debug */ = {
			isa = XCBuildConfiguration;
			buildSettings = {
				ALWAYS_SEARCH_USER_PATHS = NO;
				CLANG_ANALYZER_NONNULL = YES;
				CLANG_ANALYZER_NUMBER_OBJECT_CONVERSION = YES_AGGRESSIVE;
				CLANG_CXX_LANGUAGE_STANDARD = "gnu++0x";
				CLANG_CXX_LIBRARY = "libc++";
				CLANG_ENABLE_MODULES = YES;
				CLANG_ENABLE_OBJC_ARC = YES;
				CLANG_WARN_BOOL_CONVERSION = YES;
				CLANG_WARN_CONSTANT_CONVERSION = YES;
				CLANG_WARN_DIRECT_OBJC_ISA_USAGE = YES_ERROR;
				CLANG_WARN_DOCUMENTATION_COMMENTS = YES;
				CLANG_WARN_EMPTY_BODY = YES;
				CLANG_WARN_ENUM_CONVERSION = YES;
				CLANG_WARN_INFINITE_RECURSION = YES;
				CLANG_WARN_INT_CONVERSION = YES;
				CLANG_WARN_OBJC_ROOT_CLASS = YES_ERROR;
				CLANG_WARN_SUSPICIOUS_MOVE = YES;
				CLANG_WARN_UNREACHABLE_CODE = YES;
				CLANG_WARN__DUPLICATE_METHOD_MATCH = YES;
				"CODE_SIGN_IDENTITY[sdk=iphoneos*]" = "iPhone Developer";
				COPY_PHASE_STRIP = NO;
				DEBUG_INFORMATION_FORMAT = dwarf;
				ENABLE_STRICT_OBJC_MSGSEND = YES;
				ENABLE_TESTABILITY = YES;
				GCC_C_LANGUAGE_STANDARD = gnu99;
				GCC_DYNAMIC_NO_PIC = NO;
				GCC_NO_COMMON_BLOCKS = YES;
				GCC_OPTIMIZATION_LEVEL = 0;
				GCC_PREPROCESSOR_DEFINITIONS = (
					"DEBUG=1",
					"$(inherited)",
				);
				GCC_WARN_64_TO_32_BIT_CONVERSION = YES;
				GCC_WARN_ABOUT_RETURN_TYPE = YES_ERROR;
				GCC_WARN_UNDECLARED_SELECTOR = YES;
				GCC_WARN_UNINITIALIZED_AUTOS = YES_AGGRESSIVE;
				GCC_WARN_UNUSED_FUNCTION = YES;
				GCC_WARN_UNUSED_VARIABLE = YES;
				IPHONEOS_DEPLOYMENT_TARGET = 10.3;
				MTL_ENABLE_DEBUG_INFO = YES;
				ONLY_ACTIVE_ARCH = YES;
				SDKROOT = iphoneos;
				SWIFT_ACTIVE_COMPILATION_CONDITIONS = DEBUG;
				SWIFT_OPTIMIZATION_LEVEL = "-Onone";
				TARGETED_DEVICE_FAMILY = "1,2";
			};
			name = Debug;
		};
		41D18B711F34856A006D9308 /* Release */ = {
			isa = XCBuildConfiguration;
			buildSettings = {
				ALWAYS_SEARCH_USER_PATHS = NO;
				CLANG_ANALYZER_NONNULL = YES;
				CLANG_ANALYZER_NUMBER_OBJECT_CONVERSION = YES_AGGRESSIVE;
				CLANG_CXX_LANGUAGE_STANDARD = "gnu++0x";
				CLANG_CXX_LIBRARY = "libc++";
				CLANG_ENABLE_MODULES = YES;
				CLANG_ENABLE_OBJC_ARC = YES;
				CLANG_WARN_BOOL_CONVERSION = YES;
				CLANG_WARN_CONSTANT_CONVERSION = YES;
				CLANG_WARN_DIRECT_OBJC_ISA_USAGE = YES_ERROR;
				CLANG_WARN_DOCUMENTATION_COMMENTS = YES;
				CLANG_WARN_EMPTY_BODY = YES;
				CLANG_WARN_ENUM_CONVERSION = YES;
				CLANG_WARN_INFINITE_RECURSION = YES;
				CLANG_WARN_INT_CONVERSION = YES;
				CLANG_WARN_OBJC_ROOT_CLASS = YES_ERROR;
				CLANG_WARN_SUSPICIOUS_MOVE = YES;
				CLANG_WARN_UNREACHABLE_CODE = YES;
				CLANG_WARN__DUPLICATE_METHOD_MATCH = YES;
				"CODE_SIGN_IDENTITY[sdk=iphoneos*]" = "iPhone Developer";
				COPY_PHASE_STRIP = NO;
				DEBUG_INFORMATION_FORMAT = "dwarf-with-dsym";
				ENABLE_NS_ASSERTIONS = NO;
				ENABLE_STRICT_OBJC_MSGSEND = YES;
				GCC_C_LANGUAGE_STANDARD = gnu99;
				GCC_NO_COMMON_BLOCKS = YES;
				GCC_WARN_64_TO_32_BIT_CONVERSION = YES;
				GCC_WARN_ABOUT_RETURN_TYPE = YES_ERROR;
				GCC_WARN_UNDECLARED_SELECTOR = YES;
				GCC_WARN_UNINITIALIZED_AUTOS = YES_AGGRESSIVE;
				GCC_WARN_UNUSED_FUNCTION = YES;
				GCC_WARN_UNUSED_VARIABLE = YES;
				IPHONEOS_DEPLOYMENT_TARGET = 10.3;
				MTL_ENABLE_DEBUG_INFO = NO;
				SDKROOT = iphoneos;
				SWIFT_OPTIMIZATION_LEVEL = "-Owholemodule";
				TARGETED_DEVICE_FAMILY = "1,2";
				VALIDATE_PRODUCT = YES;
			};
			name = Release;
		};
		41D18B731F34856A006D9308 /* Debug */ = {
			isa = XCBuildConfiguration;
			buildSettings = {
				ASSETCATALOG_COMPILER_APPICON_NAME = AppIcon;
				INFOPLIST_FILE = RKSwift3Plus/Info.plist;
				LD_RUNPATH_SEARCH_PATHS = "$(inherited) @executable_path/Frameworks";
				PRODUCT_BUNDLE_IDENTIFIER = com.RKSoluctions.com.RKSwift3Plus;
				PRODUCT_NAME = "$(TARGET_NAME)";
				SWIFT_VERSION = 3.0;
			};
			name = Debug;
		};
		41D18B741F34856A006D9308 /* Release */ = {
			isa = XCBuildConfiguration;
			buildSettings = {
				ASSETCATALOG_COMPILER_APPICON_NAME = AppIcon;
				INFOPLIST_FILE = RKSwift3Plus/Info.plist;
				LD_RUNPATH_SEARCH_PATHS = "$(inherited) @executable_path/Frameworks";
				PRODUCT_BUNDLE_IDENTIFIER = com.RKSoluctions.com.RKSwift3Plus;
				PRODUCT_NAME = "$(TARGET_NAME)";
				SWIFT_VERSION = 3.0;
			};
			name = Release;
		};
		41D18B761F34856A006D9308 /* Debug */ = {
			isa = XCBuildConfiguration;
			buildSettings = {
				ALWAYS_EMBED_SWIFT_STANDARD_LIBRARIES = YES;
				BUNDLE_LOADER = "$(TEST_HOST)";
				INFOPLIST_FILE = RKSwift3PlusTests/Info.plist;
				LD_RUNPATH_SEARCH_PATHS = "$(inherited) @executable_path/Frameworks @loader_path/Frameworks";
				PRODUCT_BUNDLE_IDENTIFIER = com.RKSoluctions.com.RKSwift3PlusTests;
				PRODUCT_NAME = "$(TARGET_NAME)";
				SWIFT_VERSION = 3.0;
				TEST_HOST = "$(BUILT_PRODUCTS_DIR)/RKSwift3Plus.app/RKSwift3Plus";
			};
			name = Debug;
		};
		41D18B771F34856A006D9308 /* Release */ = {
			isa = XCBuildConfiguration;
			buildSettings = {
				ALWAYS_EMBED_SWIFT_STANDARD_LIBRARIES = YES;
				BUNDLE_LOADER = "$(TEST_HOST)";
				INFOPLIST_FILE = RKSwift3PlusTests/Info.plist;
				LD_RUNPATH_SEARCH_PATHS = "$(inherited) @executable_path/Frameworks @loader_path/Frameworks";
				PRODUCT_BUNDLE_IDENTIFIER = com.RKSoluctions.com.RKSwift3PlusTests;
				PRODUCT_NAME = "$(TARGET_NAME)";
				SWIFT_VERSION = 3.0;
				TEST_HOST = "$(BUILT_PRODUCTS_DIR)/RKSwift3Plus.app/RKSwift3Plus";
			};
			name = Release;
		};
		41D18B791F34856A006D9308 /* Debug */ = {
			isa = XCBuildConfiguration;
			buildSettings = {
				ALWAYS_EMBED_SWIFT_STANDARD_LIBRARIES = YES;
				INFOPLIST_FILE = RKSwift3PlusUITests/Info.plist;
				LD_RUNPATH_SEARCH_PATHS = "$(inherited) @executable_path/Frameworks @loader_path/Frameworks";
				PRODUCT_BUNDLE_IDENTIFIER = com.RKSoluctions.com.RKSwift3PlusUITests;
				PRODUCT_NAME = "$(TARGET_NAME)";
				SWIFT_VERSION = 3.0;
				TEST_TARGET_NAME = RKSwift3Plus;
			};
			name = Debug;
		};
		41D18B7A1F34856A006D9308 /* Release */ = {
			isa = XCBuildConfiguration;
			buildSettings = {
				ALWAYS_EMBED_SWIFT_STANDARD_LIBRARIES = YES;
				INFOPLIST_FILE = RKSwift3PlusUITests/Info.plist;
				LD_RUNPATH_SEARCH_PATHS = "$(inherited) @executable_path/Frameworks @loader_path/Frameworks";
				PRODUCT_BUNDLE_IDENTIFIER = com.RKSoluctions.com.RKSwift3PlusUITests;
				PRODUCT_NAME = "$(TARGET_NAME)";
				SWIFT_VERSION = 3.0;
				TEST_TARGET_NAME = RKSwift3Plus;
			};
			name = Release;
		};
/* End XCBuildConfiguration section */

/* Begin XCConfigurationList section */
		41D18B421F348569006D9308 /* Build configuration list for PBXProject "RKSwift3Plus" */ = {
			isa = XCConfigurationList;
			buildConfigurations = (
				41D18B701F34856A006D9308 /* Debug */,
				41D18B711F34856A006D9308 /* Release */,
			);
			defaultConfigurationIsVisible = 0;
			defaultConfigurationName = Release;
		};
		41D18B721F34856A006D9308 /* Build configuration list for PBXNativeTarget "RKSwift3Plus" */ = {
			isa = XCConfigurationList;
			buildConfigurations = (
				41D18B731F34856A006D9308 /* Debug */,
				41D18B741F34856A006D9308 /* Release */,
			);
			defaultConfigurationIsVisible = 0;
			defaultConfigurationName = Release;
		};
		41D18B751F34856A006D9308 /* Build configuration list for PBXNativeTarget "RKSwift3PlusTests" */ = {
			isa = XCConfigurationList;
			buildConfigurations = (
				41D18B761F34856A006D9308 /* Debug */,
				41D18B771F34856A006D9308 /* Release */,
			);
			defaultConfigurationIsVisible = 0;
			defaultConfigurationName = Release;
		};
		41D18B781F34856A006D9308 /* Build configuration list for PBXNativeTarget "RKSwift3PlusUITests" */ = {
			isa = XCConfigurationList;
			buildConfigurations = (
				41D18B791F34856A006D9308 /* Debug */,
				41D18B7A1F34856A006D9308 /* Release */,
			);
			defaultConfigurationIsVisible = 0;
			defaultConfigurationName = Release;
		};
/* End XCConfigurationList section */

/* Begin XCVersionGroup section */
		41D18B511F348569006D9308 /* RKSwift3Plus.xcdatamodeld */ = {
			isa = XCVersionGroup;
			children = (
				41D18B521F348569006D9308 /* RKSwift3Plus.xcdatamodel */,
			);
			currentVersion = 41D18B521F348569006D9308 /* RKSwift3Plus.xcdatamodel */;
			path = RKSwift3Plus.xcdatamodeld;
			sourceTree = "<group>";
			versionGroupType = wrapper.xcdatamodel;
		};
/* End XCVersionGroup section */
	};
	rootObject = 41D18B3F1F348569006D9308 /* Project object */;
}
